
Microsoft Visual Studio Solution File, Format Version 12.00
# Visual Studio Version 16
VisualStudioVersion = 16.0.30611.23
MinimumVisualStudioVersion = 15.0.26124.0
Project("{FAE04EC0-301F-11D3-BF4B-00C04F79EFBC}") = "Test.Objects", "Objects/Test.Objects.csproj", "26411c7c-fabb-45ba-92b9-7411ee89f655"
EndProject
Project("{FAE04EC0-301F-11D3-BF4B-00C04F79EFBC}") = "Test.Tests", "Tests/Test.Tests.csproj", "f85a92f4-714c-495b-8e9a-1a601d958b6a"
EndProject
Project("{FAE04EC0-301F-11D3-BF4B-00C04F79EFBC}") = "Test.ODataBackend", "ODataBackend/Test.ODataBackend.csproj", "15de2613-0b84-48bd-b1d2-c4c85d03e86e"
EndProject
Project("{FAE04EC0-301F-11D3-BF4B-00C04F79EFBC}") = "Test.IntegrationTests", "IntegrationTests/Test.IntegrationTests.csproj", "d733dbad-2001-4987-83c4-5cd37d42e37b"
EndProject
Global
	GlobalSection(SolutionConfigurationPlatforms) = preSolution
Debug|Any CPU = Debug|Any CPU
Release|Any CPU = Release|Any CPU
	EndGlobalSection
	GlobalSection(ProjectConfigurationPlatforms) = postSolution
		26411c7c-fabb-45ba-92b9-7411ee89f655.Debug|Any CPU.ActiveCfg = Debug|Any CPU
		26411c7c-fabb-45ba-92b9-7411ee89f655.Debug|Any CPU.Build.0 = Debug|Any CPU
		26411c7c-fabb-45ba-92b9-7411ee89f655.Release|Any CPU.ActiveCfg = Release|Any CPU
		26411c7c-fabb-45ba-92b9-7411ee89f655.Release|Any CPU.Build.0 = Release|Any CPU
		f85a92f4-714c-495b-8e9a-1a601d958b6a.Debug|Any CPU.ActiveCfg = Debug|Any CPU
		f85a92f4-714c-495b-8e9a-1a601d958b6a.Debug|Any CPU.Build.0 = Debug|Any CPU
		f85a92f4-714c-495b-8e9a-1a601d958b6a.Release|Any CPU.ActiveCfg = Release|Any CPU
		f85a92f4-714c-495b-8e9a-1a601d958b6a.Release|Any CPU.Build.0 = Release|Any CPU
		15de2613-0b84-48bd-b1d2-c4c85d03e86e.Debug|Any CPU.ActiveCfg = Debug|Any CPU
		15de2613-0b84-48bd-b1d2-c4c85d03e86e.Debug|Any CPU.Build.0 = Debug|Any CPU
		15de2613-0b84-48bd-b1d2-c4c85d03e86e.Release|Any CPU.ActiveCfg = Release|Any CPU
		15de2613-0b84-48bd-b1d2-c4c85d03e86e.Release|Any CPU.Build.0 = Release|Any CPU
		d733dbad-2001-4987-83c4-5cd37d42e37b.Debug|Any CPU.ActiveCfg = Debug|Any CPU
		d733dbad-2001-4987-83c4-5cd37d42e37b.Debug|Any CPU.Build.0 = Debug|Any CPU
		d733dbad-2001-4987-83c4-5cd37d42e37b.Release|Any CPU.ActiveCfg = Release|Any CPU
		d733dbad-2001-4987-83c4-5cd37d42e37b.Release|Any CPU.Build.0 = Release|Any CPU
	EndGlobalSection
	GlobalSection(SolutionProperties) = preSolution
		HideSolutionNode = FALSE
	EndGlobalSection
EndGlobal
